
Microsoft Visual Studio Solution File, Format Version 12.00
# Visual Studio Version 17
VisualStudioVersion = 17.10.35122.118
MinimumVisualStudioVersion = 10.0.40219.1
Project("{FAE04EC0-301F-11D3-BF4B-00C04F79EFBC}") = "CSC_295_HW5", "CSC_295_HW5\CSC_295_HW5.csproj", "{BC2D1BFE-8C7B-4BC8-B76A-734A7D3EB083}"
EndProject
Project("{FAE04EC0-301F-11D3-BF4B-00C04F79EFBC}") = "TestProject1", "TestProject1\TestProject1.csproj", "{96477519-254F-4155-A7D8-CBE6FC71BC22}"
EndProject
Global
	GlobalSection(SolutionConfigurationPlatforms) = preSolution
		Debug|Any CPU = Debug|Any CPU
		Release|Any CPU = Release|Any CPU
	EndGlobalSection
	GlobalSection(ProjectConfigurationPlatforms) = postSolution
		{BC2D1BFE-8C7B-4BC8-B76A-734A7D3EB083}.Debug|Any CPU.ActiveCfg = Debug|Any CPU
		{BC2D1BFE-8C7B-4BC8-B76A-734A7D3EB083}.Debug|Any CPU.Build.0 = Debug|Any CPU
		{BC2D1BFE-8C7B-4BC8-B76A-734A7D3EB083}.Release|Any CPU.ActiveCfg = Release|Any CPU
		{BC2D1BFE-8C7B-4BC8-B76A-734A7D3EB083}.Release|Any CPU.Build.0 = Release|Any CPU
		{96477519-254F-4155-A7D8-CBE6FC71BC22}.Debug|Any CPU.ActiveCfg = Debug|Any CPU
		{96477519-254F-4155-A7D8-CBE6FC71BC22}.Debug|Any CPU.Build.0 = Debug|Any CPU
		{96477519-254F-4155-A7D8-CBE6FC71BC22}.Release|Any CPU.ActiveCfg = Release|Any CPU
		{96477519-254F-4155-A7D8-CBE6FC71BC22}.Release|Any CPU.Build.0 = Release|Any CPU
	EndGlobalSection
	GlobalSection(SolutionProperties) = preSolution
		HideSolutionNode = FALSE
	EndGlobalSection
	GlobalSection(ExtensibilityGlobals) = postSolution
		SolutionGuid = {19AA374B-B644-4473-8330-13C4E9ACFA6D}
	EndGlobalSection
EndGlobal
